// !$*UTF8*$!
{
	archiveVersion = 1;
	classes = {
	};
	objectVersion = 77;
	objects = {

/* Begin PBXBuildFile section */
		716BE4E22EFEDA44005FDA4F /* Kingfisher in Frameworks */ = {isa = PBXBuildFile; productRef = 716BE4E12EFEDA44005FDA4F /* Kingfisher */; };
		71CE59612EEF3E8000D39A8F /* FirebaseAI in Frameworks */ = {isa = PBXBuildFile; productRef = 71CE59602EEF3E8000D39A8F /* FirebaseAI */; };
		71CE59632EEF3E8000D39A8F /* FirebaseAILogic in Frameworks */ = {isa = PBXBuildFile; productRef = 71CE59622EEF3E8000D39A8F /* FirebaseAILogic */; };
		71CE59652EEF3E8000D39A8F /* FirebaseAnalytics in Frameworks */ = {isa = PBXBuildFile; productRef = 71CE59642EEF3E8000D39A8F /* FirebaseAnalytics */; };
		71CE59672EEF3E8000D39A8F /* FirebaseAnalyticsCore in Frameworks */ = {isa = PBXBuildFile; productRef = 71CE59662EEF3E8000D39A8F /* FirebaseAnalyticsCore */; };
		71CE59692EEF3E8000D39A8F /* FirebaseAnalyticsIdentitySupport in Frameworks */ = {isa = PBXBuildFile; productRef = 71CE59682EEF3E8000D39A8F /* FirebaseAnalyticsIdentitySupport */; };
		71CE596B2EEF3E8000D39A8F /* FirebaseAppCheck in Frameworks */ = {isa = PBXBuildFile; productRef = 71CE596A2EEF3E8000D39A8F /* FirebaseAppCheck */; };
		71CE596D2EEF3E8000D39A8F /* FirebaseAppDistribution-Beta in Frameworks */ = {isa = PBXBuildFile; productRef = 71CE596C2EEF3E8000D39A8F /* FirebaseAppDistribution-Beta */; };
		71CE596F2EEF3E8000D39A8F /* FirebaseAuth in Frameworks */ = {isa = PBXBuildFile; productRef = 71CE596E2EEF3E8000D39A8F /* FirebaseAuth */; };
		71CE59712EEF3E8000D39A8F /* FirebaseAuthCombine-Community in Frameworks */ = {isa = PBXBuildFile; productRef = 71CE59702EEF3E8000D39A8F /* FirebaseAuthCombine-Community */; };
		71CE59732EEF3E8000D39A8F /* FirebaseCore in Frameworks */ = {isa = PBXBuildFile; productRef = 71CE59722EEF3E8000D39A8F /* FirebaseCore */; };
		71CE59752EEF3E8000D39A8F /* FirebaseCrashlytics in Frameworks */ = {isa = PBXBuildFile; productRef = 71CE59742EEF3E8000D39A8F /* FirebaseCrashlytics */; };
		71CE59772EEF3E8000D39A8F /* FirebaseDatabase in Frameworks */ = {isa = PBXBuildFile; productRef = 71CE59762EEF3E8000D39A8F /* FirebaseDatabase */; };
		71CE59792EEF3E8000D39A8F /* FirebaseFirestore in Frameworks */ = {isa = PBXBuildFile; productRef = 71CE59782EEF3E8000D39A8F /* FirebaseFirestore */; };
		71CE597B2EEF3E8000D39A8F /* FirebaseFirestoreCombine-Community in Frameworks */ = {isa = PBXBuildFile; productRef = 71CE597A2EEF3E8000D39A8F /* FirebaseFirestoreCombine-Community */; };
		71CE597D2EEF3E8000D39A8F /* FirebaseFunctions in Frameworks */ = {isa = PBXBuildFile; productRef = 71CE597C2EEF3E8000D39A8F /* FirebaseFunctions */; };
		71CE597F2EEF3E8000D39A8F /* FirebaseFunctionsCombine-Community in Frameworks */ = {isa = PBXBuildFile; productRef = 71CE597E2EEF3E8000D39A8F /* FirebaseFunctionsCombine-Community */; };
		71CE59812EEF3E8000D39A8F /* FirebaseInAppMessaging-Beta in Frameworks */ = {isa = PBXBuildFile; productRef = 71CE59802EEF3E8000D39A8F /* FirebaseInAppMessaging-Beta */; };
		71CE59832EEF3E8000D39A8F /* FirebaseInstallations in Frameworks */ = {isa = PBXBuildFile; productRef = 71CE59822EEF3E8000D39A8F /* FirebaseInstallations */; };
		71CE59852EEF3E8000D39A8F /* FirebaseMLModelDownloader in Frameworks */ = {isa = PBXBuildFile; productRef = 71CE59842EEF3E8000D39A8F /* FirebaseMLModelDownloader */; };
		71CE59872EEF3E8000D39A8F /* FirebaseMessaging in Frameworks */ = {isa = PBXBuildFile; productRef = 71CE59862EEF3E8000D39A8F /* FirebaseMessaging */; };
		71CE59892EEF3E8000D39A8F /* FirebasePerformance in Frameworks */ = {isa = PBXBuildFile; productRef = 71CE59882EEF3E8000D39A8F /* FirebasePerformance */; };
		71CE598B2EEF3E8000D39A8F /* FirebaseRemoteConfig in Frameworks */ = {isa = PBXBuildFile; productRef = 71CE598A2EEF3E8000D39A8F /* FirebaseRemoteConfig */; };
		71CE598D2EEF3E8000D39A8F /* FirebaseStorage in Frameworks */ = {isa = PBXBuildFile; productRef = 71CE598C2EEF3E8000D39A8F /* FirebaseStorage */; };
		71CE598F2EEF3E8000D39A8F /* FirebaseStorageCombine-Community in Frameworks */ = {isa = PBXBuildFile; productRef = 71CE598E2EEF3E8000D39A8F /* FirebaseStorageCombine-Community */; };
/* End PBXBuildFile section */

/* Begin PBXFileReference section */
		718E9F032EEAE84C007F1515 /* Caffeine Club.app */ = {isa = PBXFileReference; explicitFileType = wrapper.application; includeInIndex = 0; path = "Caffeine Club.app"; sourceTree = BUILT_PRODUCTS_DIR; };
/* End PBXFileReference section */

/* Begin PBXFileSystemSynchronizedBuildFileExceptionSet section */
		71CE59B12EEF4CCA00D39A8F /* Exceptions for "CaffeineSocialClub" folder in "Caffeine Club" target */ = {
			isa = PBXFileSystemSynchronizedBuildFileExceptionSet;
			membershipExceptions = (
				Info.plist,
			);
			target = 718E9F022EEAE84C007F1515 /* Caffeine Club */;
		};
/* End PBXFileSystemSynchronizedBuildFileExceptionSet section */

/* Begin PBXFileSystemSynchronizedRootGroup section */
		718E9F052EEAE84C007F1515 /* CaffeineSocialClub */ = {
			isa = PBXFileSystemSynchronizedRootGroup;
			exceptions = (
				71CE59B12EEF4CCA00D39A8F /* Exceptions for "CaffeineSocialClub" folder in "Caffeine Club" target */,
			);
			path = CaffeineSocialClub;
			sourceTree = "<group>";
		};
/* End PBXFileSystemSynchronizedRootGroup section */

/* Begin PBXFrameworksBuildPhase section */
		718E9F002EEAE84C007F1515 /* Frameworks */ = {
			isa = PBXFrameworksBuildPhase;
			buildActionMask = 2147483647;
			files = (
				71CE596D2EEF3E8000D39A8F /* FirebaseAppDistribution-Beta in Frameworks */,
				71CE59792EEF3E8000D39A8F /* FirebaseFirestore in Frameworks */,
				71CE59712EEF3E8000D39A8F /* FirebaseAuthCombine-Community in Frameworks */,
				71CE59832EEF3E8000D39A8F /* FirebaseInstallations in Frameworks */,
				71CE59632EEF3E8000D39A8F /* FirebaseAILogic in Frameworks */,
				71CE59692EEF3E8000D39A8F /* FirebaseAnalyticsIdentitySupport in Frameworks */,
				71CE59812EEF3E8000D39A8F /* FirebaseInAppMessaging-Beta in Frameworks */,
				71CE59612EEF3E8000D39A8F /* FirebaseAI in Frameworks */,
				71CE59752EEF3E8000D39A8F /* FirebaseCrashlytics in Frameworks */,
				716BE4E22EFEDA44005FDA4F /* Kingfisher in Frameworks */,
				71CE597F2EEF3E8000D39A8F /* FirebaseFunctionsCombine-Community in Frameworks */,
				71CE598F2EEF3E8000D39A8F /* FirebaseStorageCombine-Community in Frameworks */,
				71CE59772EEF3E8000D39A8F /* FirebaseDatabase in Frameworks */,
				71CE598D2EEF3E8000D39A8F /* FirebaseStorage in Frameworks */,
				71CE598B2EEF3E8000D39A8F /* FirebaseRemoteConfig in Frameworks */,
				71CE59652EEF3E8000D39A8F /* FirebaseAnalytics in Frameworks */,
				71CE59872EEF3E8000D39A8F /* FirebaseMessaging in Frameworks */,
				71CE59852EEF3E8000D39A8F /* FirebaseMLModelDownloader in Frameworks */,
				71CE59892EEF3E8000D39A8F /* FirebasePerformance in Frameworks */,
				71CE59732EEF3E8000D39A8F /* FirebaseCore in Frameworks */,
				71CE596B2EEF3E8000D39A8F /* FirebaseAppCheck in Frameworks */,
				71CE59672EEF3E8000D39A8F /* FirebaseAnalyticsCore in Frameworks */,
				71CE597D2EEF3E8000D39A8F /* FirebaseFunctions in Frameworks */,
				71CE596F2EEF3E8000D39A8F /* FirebaseAuth in Frameworks */,
				71CE597B2EEF3E8000D39A8F /* FirebaseFirestoreCombine-Community in Frameworks */,
			);
			runOnlyForDeploymentPostprocessing = 0;
		};
/* End PBXFrameworksBuildPhase section */

/* Begin PBXGroup section */
		718E9EFA2EEAE84C007F1515 = {
			isa = PBXGroup;
			children = (
				718E9F052EEAE84C007F1515 /* CaffeineSocialClub */,
				718E9F042EEAE84C007F1515 /* Products */,
			);
			sourceTree = "<group>";
		};
		718E9F042EEAE84C007F1515 /* Products */ = {
			isa = PBXGroup;
			children = (
				718E9F032EEAE84C007F1515 /* Caffeine Club.app */,
			);
			name = Products;
			sourceTree = "<group>";
		};
/* End PBXGroup section */

/* Begin PBXNativeTarget section */
		718E9F022EEAE84C007F1515 /* Caffeine Club */ = {
			isa = PBXNativeTarget;
			buildConfigurationList = 718E9F0E2EEAE84E007F1515 /* Build configuration list for PBXNativeTarget "Caffeine Club" */;
			buildPhases = (
				718E9EFF2EEAE84C007F1515 /* Sources */,
				718E9F002EEAE84C007F1515 /* Frameworks */,
				718E9F012EEAE84C007F1515 /* Resources */,
			);
			buildRules = (
			);
			dependencies = (
			);
			fileSystemSynchronizedGroups = (
				718E9F052EEAE84C007F1515 /* CaffeineSocialClub */,
			);
			name = "Caffeine Club";
			packageProductDependencies = (
				71CE59602EEF3E8000D39A8F /* FirebaseAI */,
				71CE59622EEF3E8000D39A8F /* FirebaseAILogic */,
				71CE59642EEF3E8000D39A8F /* FirebaseAnalytics */,
				71CE59662EEF3E8000D39A8F /* FirebaseAnalyticsCore */,
				71CE59682EEF3E8000D39A8F /* FirebaseAnalyticsIdentitySupport */,
				71CE596A2EEF3E8000D39A8F /* FirebaseAppCheck */,
				71CE596C2EEF3E8000D39A8F /* FirebaseAppDistribution-Beta */,
				71CE596E2EEF3E8000D39A8F /* FirebaseAuth */,
				71CE59702EEF3E8000D39A8F /* FirebaseAuthCombine-Community */,
				71CE59722EEF3E8000D39A8F /* FirebaseCore */,
				71CE59742EEF3E8000D39A8F /* FirebaseCrashlytics */,
				71CE59762EEF3E8000D39A8F /* FirebaseDatabase */,
				71CE59782EEF3E8000D39A8F /* FirebaseFirestore */,
				71CE597A2EEF3E8000D39A8F /* FirebaseFirestoreCombine-Community */,
				71CE597C2EEF3E8000D39A8F /* FirebaseFunctions */,
				71CE597E2EEF3E8000D39A8F /* FirebaseFunctionsCombine-Community */,
				71CE59802EEF3E8000D39A8F /* FirebaseInAppMessaging-Beta */,
				71CE59822EEF3E8000D39A8F /* FirebaseInstallations */,
				71CE59842EEF3E8000D39A8F /* FirebaseMLModelDownloader */,
				71CE59862EEF3E8000D39A8F /* FirebaseMessaging */,
				71CE59882EEF3E8000D39A8F /* FirebasePerformance */,
				71CE598A2EEF3E8000D39A8F /* FirebaseRemoteConfig */,
				71CE598C2EEF3E8000D39A8F /* FirebaseStorage */,
				71CE598E2EEF3E8000D39A8F /* FirebaseStorageCombine-Community */,
				716BE4E12EFEDA44005FDA4F /* Kingfisher */,
			);
			productName = CaffeineSocialClub;
			productReference = 718E9F032EEAE84C007F1515 /* Caffeine Club.app */;
			productType = "com.apple.product-type.application";
		};
/* End PBXNativeTarget section */

/* Begin PBXProject section */
		718E9EFB2EEAE84C007F1515 /* Project object */ = {
			isa = PBXProject;
			attributes = {
				BuildIndependentTargetsInParallel = 1;
				LastSwiftUpdateCheck = 2600;
				LastUpgradeCheck = 2600;
				TargetAttributes = {
					718E9F022EEAE84C007F1515 = {
						CreatedOnToolsVersion = 26.0.1;
					};
				};
			};
			buildConfigurationList = 718E9EFE2EEAE84C007F1515 /* Build configuration list for PBXProject "Caffeine Club" */;
			developmentRegion = en;
			hasScannedForEncodings = 0;
			knownRegions = (
				en,
				Base,
			);
			mainGroup = 718E9EFA2EEAE84C007F1515;
			minimizedProjectReferenceProxies = 1;
			packageReferences = (
				71CE595F2EEF3E8000D39A8F /* XCRemoteSwiftPackageReference "firebase-ios-sdk" */,
				716BE4E02EFEDA44005FDA4F /* XCRemoteSwiftPackageReference "Kingfisher" */,
			);
			preferredProjectObjectVersion = 77;
			productRefGroup = 718E9F042EEAE84C007F1515 /* Products */;
			projectDirPath = "";
			projectRoot = "";
			targets = (
				718E9F022EEAE84C007F1515 /* Caffeine Club */,
			);
		};
/* End PBXProject section */

/* Begin PBXResourcesBuildPhase section */
		718E9F012EEAE84C007F1515 /* Resources */ = {
			isa = PBXResourcesBuildPhase;
			buildActionMask = 2147483647;
			files = (
			);
			runOnlyForDeploymentPostprocessing = 0;
		};
/* End PBXResourcesBuildPhase section */

/* Begin PBXSourcesBuildPhase section */
		718E9EFF2EEAE84C007F1515 /* Sources */ = {
			isa = PBXSourcesBuildPhase;
			buildActionMask = 2147483647;
			files = (
			);
			runOnlyForDeploymentPostprocessing = 0;
		};
/* End PBXSourcesBuildPhase section */

/* Begin XCBuildConfiguration section */
		718E9F0C2EEAE84E007F1515 /* Debug */ = {
			isa = XCBuildConfiguration;
			buildSettings = {
				ALWAYS_SEARCH_USER_PATHS = NO;
				ASSETCATALOG_COMPILER_GENERATE_SWIFT_ASSET_SYMBOL_EXTENSIONS = YES;
				CLANG_ANALYZER_NONNULL = YES;
				CLANG_ANALYZER_NUMBER_OBJECT_CONVERSION = YES_AGGRESSIVE;
				CLANG_CXX_LANGUAGE_STANDARD = "gnu++20";
				CLANG_ENABLE_MODULES = YES;
				CLANG_ENABLE_OBJC_ARC = YES;
				CLANG_ENABLE_OBJC_WEAK = YES;
				CLANG_WARN_BLOCK_CAPTURE_AUTORELEASING = YES;
				CLANG_WARN_BOOL_CONVERSION = YES;
				CLANG_WARN_COMMA = YES;
				CLANG_WARN_CONSTANT_CONVERSION = YES;
				CLANG_WARN_DEPRECATED_OBJC_IMPLEMENTATIONS = YES;
				CLANG_WARN_DIRECT_OBJC_ISA_USAGE = YES_ERROR;
				CLANG_WARN_DOCUMENTATION_COMMENTS = YES;
				CLANG_WARN_EMPTY_BODY = YES;
				CLANG_WARN_ENUM_CONVERSION = YES;
				CLANG_WARN_INFINITE_RECURSION = YES;
				CLANG_WARN_INT_CONVERSION = YES;
				CLANG_WARN_NON_LITERAL_NULL_CONVERSION = YES;
				CLANG_WARN_OBJC_IMPLICIT_RETAIN_SELF = YES;
				CLANG_WARN_OBJC_LITERAL_CONVERSION = YES;
				CLANG_WARN_OBJC_ROOT_CLASS = YES_ERROR;
				CLANG_WARN_QUOTED_INCLUDE_IN_FRAMEWORK_HEADER = YES;
				CLANG_WARN_RANGE_LOOP_ANALYSIS = YES;
				CLANG_WARN_STRICT_PROTOTYPES = YES;
				CLANG_WARN_SUSPICIOUS_MOVE = YES;
				CLANG_WARN_UNGUARDED_AVAILABILITY = YES_AGGRESSIVE;
				CLANG_WARN_UNREACHABLE_CODE = YES;
				CLANG_WARN__DUPLICATE_METHOD_MATCH = YES;
				COPY_PHASE_STRIP = NO;
				DEBUG_INFORMATION_FORMAT = dwarf;
				ENABLE_STRICT_OBJC_MSGSEND = YES;
				ENABLE_TESTABILITY = YES;
				ENABLE_USER_SCRIPT_SANDBOXING = YES;
				GCC_C_LANGUAGE_STANDARD = gnu17;
				GCC_DYNAMIC_NO_PIC = NO;
				GCC_NO_COMMON_BLOCKS = YES;
				GCC_OPTIMIZATION_LEVEL = 0;
				GCC_PREPROCESSOR_DEFINITIONS = (
					"DEBUG=1",
					"$(inherited)",
				);
				GCC_WARN_64_TO_32_BIT_CONVERSION = YES;
				GCC_WARN_ABOUT_RETURN_TYPE = YES_ERROR;
				GCC_WARN_UNDECLARED_SELECTOR = YES;
				GCC_WARN_UNINITIALIZED_AUTOS = YES_AGGRESSIVE;
				GCC_WARN_UNUSED_FUNCTION = YES;
				GCC_WARN_UNUSED_VARIABLE = YES;
				IPHONEOS_DEPLOYMENT_TARGET = 26.0;
				LOCALIZATION_PREFERS_STRING_CATALOGS = YES;
				MTL_ENABLE_DEBUG_INFO = INCLUDE_SOURCE;
				MTL_FAST_MATH = YES;
				ONLY_ACTIVE_ARCH = YES;
				SDKROOT = iphoneos;
				SWIFT_ACTIVE_COMPILATION_CONDITIONS = "DEBUG $(inherited)";
				SWIFT_OPTIMIZATION_LEVEL = "-Onone";
			};
			name = Debug;
		};
		718E9F0D2EEAE84E007F1515 /* Release */ = {
			isa = XCBuildConfiguration;
			buildSettings = {
				ALWAYS_SEARCH_USER_PATHS = NO;
				ASSETCATALOG_COMPILER_GENERATE_SWIFT_ASSET_SYMBOL_EXTENSIONS = YES;
				CLANG_ANALYZER_NONNULL = YES;
				CLANG_ANALYZER_NUMBER_OBJECT_CONVERSION = YES_AGGRESSIVE;
				CLANG_CXX_LANGUAGE_STANDARD = "gnu++20";
				CLANG_ENABLE_MODULES = YES;
				CLANG_ENABLE_OBJC_ARC = YES;
				CLANG_ENABLE_OBJC_WEAK = YES;
				CLANG_WARN_BLOCK_CAPTURE_AUTORELEASING = YES;
				CLANG_WARN_BOOL_CONVERSION = YES;
				CLANG_WARN_COMMA = YES;
				CLANG_WARN_CONSTANT_CONVERSION = YES;
				CLANG_WARN_DEPRECATED_OBJC_IMPLEMENTATIONS = YES;
				CLANG_WARN_DIRECT_OBJC_ISA_USAGE = YES_ERROR;
				CLANG_WARN_DOCUMENTATION_COMMENTS = YES;
				CLANG_WARN_EMPTY_BODY = YES;
				CLANG_WARN_ENUM_CONVERSION = YES;
				CLANG_WARN_INFINITE_RECURSION = YES;
				CLANG_WARN_INT_CONVERSION = YES;
				CLANG_WARN_NON_LITERAL_NULL_CONVERSION = YES;
				CLANG_WARN_OBJC_IMPLICIT_RETAIN_SELF = YES;
				CLANG_WARN_OBJC_LITERAL_CONVERSION = YES;
				CLANG_WARN_OBJC_ROOT_CLASS = YES_ERROR;
				CLANG_WARN_QUOTED_INCLUDE_IN_FRAMEWORK_HEADER = YES;
				CLANG_WARN_RANGE_LOOP_ANALYSIS = YES;
				CLANG_WARN_STRICT_PROTOTYPES = YES;
				CLANG_WARN_SUSPICIOUS_MOVE = YES;
				CLANG_WARN_UNGUARDED_AVAILABILITY = YES_AGGRESSIVE;
				CLANG_WARN_UNREACHABLE_CODE = YES;
				CLANG_WARN__DUPLICATE_METHOD_MATCH = YES;
				COPY_PHASE_STRIP = NO;
				DEBUG_INFORMATION_FORMAT = "dwarf-with-dsym";
				ENABLE_NS_ASSERTIONS = NO;
				ENABLE_STRICT_OBJC_MSGSEND = YES;
				ENABLE_USER_SCRIPT_SANDBOXING = YES;
				GCC_C_LANGUAGE_STANDARD = gnu17;
				GCC_NO_COMMON_BLOCKS = YES;
				GCC_WARN_64_TO_32_BIT_CONVERSION = YES;
				GCC_WARN_ABOUT_RETURN_TYPE = YES_ERROR;
				GCC_WARN_UNDECLARED_SELECTOR = YES;
				GCC_WARN_UNINITIALIZED_AUTOS = YES_AGGRESSIVE;
				GCC_WARN_UNUSED_FUNCTION = YES;
				GCC_WARN_UNUSED_VARIABLE = YES;
				IPHONEOS_DEPLOYMENT_TARGET = 26.0;
				LOCALIZATION_PREFERS_STRING_CATALOGS = YES;
				MTL_ENABLE_DEBUG_INFO = NO;
				MTL_FAST_MATH = YES;
				SDKROOT = iphoneos;
				SWIFT_COMPILATION_MODE = wholemodule;
				VALIDATE_PRODUCT = YES;
			};
			name = Release;
		};
		718E9F0F2EEAE84E007F1515 /* Debug */ = {
			isa = XCBuildConfiguration;
			buildSettings = {
				ASSETCATALOG_COMPILER_APPICON_NAME = AppIcon;
				ASSETCATALOG_COMPILER_GLOBAL_ACCENT_COLOR_NAME = AccentColor;
				CODE_SIGN_IDENTITY = "Apple Development";
				CODE_SIGN_STYLE = Automatic;
				CURRENT_PROJECT_VERSION = 1;
				DEVELOPMENT_TEAM = BVBASQMUP5;
				ENABLE_PREVIEWS = YES;
				GENERATE_INFOPLIST_FILE = YES;
				INFOPLIST_FILE = CaffeineSocialClub/Info.plist;
				INFOPLIST_KEY_CFBundleDisplayName = "Caffeine Club";
				INFOPLIST_KEY_LSApplicationCategoryType = "public.app-category.lifestyle";
				INFOPLIST_KEY_UIApplicationSceneManifest_Generation = YES;
				INFOPLIST_KEY_UIApplicationSupportsIndirectInputEvents = YES;
				INFOPLIST_KEY_UILaunchScreen_Generation = YES;
				INFOPLIST_KEY_UISupportedInterfaceOrientations = "UIInterfaceOrientationPortrait UIInterfaceOrientationPortraitUpsideDown";
				LD_RUNPATH_SEARCH_PATHS = (
					"$(inherited)",
					"@executable_path/Frameworks",
				);
				MARKETING_VERSION = 1.0.1;
				PRODUCT_BUNDLE_IDENTIFIER = com.caffeinesocialclub.CaffeineSocialClub;
				PRODUCT_NAME = "$(TARGET_NAME)";
				PROVISIONING_PROFILE_SPECIFIER = "";
				STRING_CATALOG_GENERATE_SYMBOLS = YES;
				SUPPORTED_PLATFORMS = "iphoneos iphonesimulator";
				SUPPORTS_MACCATALYST = NO;
				SUPPORTS_MAC_DESIGNED_FOR_IPHONE_IPAD = NO;
				SUPPORTS_XR_DESIGNED_FOR_IPHONE_IPAD = NO;
				SWIFT_APPROACHABLE_CONCURRENCY = YES;
				SWIFT_DEFAULT_ACTOR_ISOLATION = MainActor;
				SWIFT_EMIT_LOC_STRINGS = YES;
				SWIFT_UPCOMING_FEATURE_MEMBER_IMPORT_VISIBILITY = YES;
				SWIFT_VERSION = 5.0;
				TARGETED_DEVICE_FAMILY = 1;
			};
			name = Debug;
		};
		718E9F102EEAE84E007F1515 /* Release */ = {
			isa = XCBuildConfiguration;
			buildSettings = {
				ASSETCATALOG_COMPILER_APPICON_NAME = AppIcon;
				ASSETCATALOG_COMPILER_GLOBAL_ACCENT_COLOR_NAME = AccentColor;
				CODE_SIGN_IDENTITY = "Apple Development";
				CODE_SIGN_STYLE = Automatic;
				CURRENT_PROJECT_VERSION = 1;
				DEVELOPMENT_TEAM = BVBASQMUP5;
				ENABLE_PREVIEWS = YES;
				GENERATE_INFOPLIST_FILE = YES;
				INFOPLIST_FILE = CaffeineSocialClub/Info.plist;
				INFOPLIST_KEY_CFBundleDisplayName = "Caffeine Club";
				INFOPLIST_KEY_LSApplicationCategoryType = "public.app-category.lifestyle";
				INFOPLIST_KEY_UIApplicationSceneManifest_Generation = YES;
				INFOPLIST_KEY_UIApplicationSupportsIndirectInputEvents = YES;
				INFOPLIST_KEY_UILaunchScreen_Generation = YES;
				INFOPLIST_KEY_UISupportedInterfaceOrientations = "UIInterfaceOrientationPortrait UIInterfaceOrientationPortraitUpsideDown";
				LD_RUNPATH_SEARCH_PATHS = (
					"$(inherited)",
					"@executable_path/Frameworks",
				);
				MARKETING_VERSION = 1.0.1;
				PRODUCT_BUNDLE_IDENTIFIER = com.caffeinesocialclub.CaffeineSocialClub;
				PRODUCT_NAME = "$(TARGET_NAME)";
				PROVISIONING_PROFILE_SPECIFIER = "";
				STRING_CATALOG_GENERATE_SYMBOLS = YES;
				SUPPORTED_PLATFORMS = "iphoneos iphonesimulator";
				SUPPORTS_MACCATALYST = NO;
				SUPPORTS_MAC_DESIGNED_FOR_IPHONE_IPAD = NO;
				SUPPORTS_XR_DESIGNED_FOR_IPHONE_IPAD = NO;
				SWIFT_APPROACHABLE_CONCURRENCY = YES;
				SWIFT_DEFAULT_ACTOR_ISOLATION = MainActor;
				SWIFT_EMIT_LOC_STRINGS = YES;
				SWIFT_UPCOMING_FEATURE_MEMBER_IMPORT_VISIBILITY = YES;
				SWIFT_VERSION = 5.0;
				TARGETED_DEVICE_FAMILY = 1;
			};
			name = Release;
		};
/* End XCBuildConfiguration section */

/* Begin XCConfigurationList section */
		718E9EFE2EEAE84C007F1515 /* Build configuration list for PBXProject "Caffeine Club" */ = {
			isa = XCConfigurationList;
			buildConfigurations = (
				718E9F0C2EEAE84E007F1515 /* Debug */,
				718E9F0D2EEAE84E007F1515 /* Release */,
			);
			defaultConfigurationIsVisible = 0;
			defaultConfigurationName = Release;
		};
		718E9F0E2EEAE84E007F1515 /* Build configuration list for PBXNativeTarget "Caffeine Club" */ = {
			isa = XCConfigurationList;
			buildConfigurations = (
				718E9F0F2EEAE84E007F1515 /* Debug */,
				718E9F102EEAE84E007F1515 /* Release */,
			);
			defaultConfigurationIsVisible = 0;
			defaultConfigurationName = Release;
		};
/* End XCConfigurationList section */

/* Begin XCRemoteSwiftPackageReference section */
		716BE4E02EFEDA44005FDA4F /* XCRemoteSwiftPackageReference "Kingfisher" */ = {
			isa = XCRemoteSwiftPackageReference;
			repositoryURL = "https://github.com/onevcat/Kingfisher.git";
			requirement = {
				kind = exactVersion;
				version = 8.6.2;
			};
		};
		71CE595F2EEF3E8000D39A8F /* XCRemoteSwiftPackageReference "firebase-ios-sdk" */ = {
			isa = XCRemoteSwiftPackageReference;
			repositoryURL = "https://github.com/firebase/firebase-ios-sdk";
			requirement = {
				kind = exactVersion;
				version = 12.7.0;
			};
		};
/* End XCRemoteSwiftPackageReference section */

/* Begin XCSwiftPackageProductDependency section */
		716BE4E12EFEDA44005FDA4F /* Kingfisher */ = {
			isa = XCSwiftPackageProductDependency;
			package = 716BE4E02EFEDA44005FDA4F /* XCRemoteSwiftPackageReference "Kingfisher" */;
			productName = Kingfisher;
		};
		71CE59602EEF3E8000D39A8F /* FirebaseAI */ = {
			isa = XCSwiftPackageProductDependency;
			package = 71CE595F2EEF3E8000D39A8F /* XCRemoteSwiftPackageReference "firebase-ios-sdk" */;
			productName = FirebaseAI;
		};
		71CE59622EEF3E8000D39A8F /* FirebaseAILogic */ = {
			isa = XCSwiftPackageProductDependency;
			package = 71CE595F2EEF3E8000D39A8F /* XCRemoteSwiftPackageReference "firebase-ios-sdk" */;
			productName = FirebaseAILogic;
		};
		71CE59642EEF3E8000D39A8F /* FirebaseAnalytics */ = {
			isa = XCSwiftPackageProductDependency;
			package = 71CE595F2EEF3E8000D39A8F /* XCRemoteSwiftPackageReference "firebase-ios-sdk" */;
			productName = FirebaseAnalytics;
		};
		71CE59662EEF3E8000D39A8F /* FirebaseAnalyticsCore */ = {
			isa = XCSwiftPackageProductDependency;
			package = 71CE595F2EEF3E8000D39A8F /* XCRemoteSwiftPackageReference "firebase-ios-sdk" */;
			productName = FirebaseAnalyticsCore;
		};
		71CE59682EEF3E8000D39A8F /* FirebaseAnalyticsIdentitySupport */ = {
			isa = XCSwiftPackageProductDependency;
			package = 71CE595F2EEF3E8000D39A8F /* XCRemoteSwiftPackageReference "firebase-ios-sdk" */;
			productName = FirebaseAnalyticsIdentitySupport;
		};
		71CE596A2EEF3E8000D39A8F /* FirebaseAppCheck */ = {
			isa = XCSwiftPackageProductDependency;
			package = 71CE595F2EEF3E8000D39A8F /* XCRemoteSwiftPackageReference "firebase-ios-sdk" */;
			productName = FirebaseAppCheck;
		};
		71CE596C2EEF3E8000D39A8F /* FirebaseAppDistribution-Beta */ = {
			isa = XCSwiftPackageProductDependency;
			package = 71CE595F2EEF3E8000D39A8F /* XCRemoteSwiftPackageReference "firebase-ios-sdk" */;
			productName = "FirebaseAppDistribution-Beta";
		};
		71CE596E2EEF3E8000D39A8F /* FirebaseAuth */ = {
			isa = XCSwiftPackageProductDependency;
			package = 71CE595F2EEF3E8000D39A8F /* XCRemoteSwiftPackageReference "firebase-ios-sdk" */;
			productName = FirebaseAuth;
		};
		71CE59702EEF3E8000D39A8F /* FirebaseAuthCombine-Community */ = {
			isa = XCSwiftPackageProductDependency;
			package = 71CE595F2EEF3E8000D39A8F /* XCRemoteSwiftPackageReference "firebase-ios-sdk" */;
			productName = "FirebaseAuthCombine-Community";
		};
		71CE59722EEF3E8000D39A8F /* FirebaseCore */ = {
			isa = XCSwiftPackageProductDependency;
			package = 71CE595F2EEF3E8000D39A8F /* XCRemoteSwiftPackageReference "firebase-ios-sdk" */;
			productName = FirebaseCore;
		};
		71CE59742EEF3E8000D39A8F /* FirebaseCrashlytics */ = {
			isa = XCSwiftPackageProductDependency;
			package = 71CE595F2EEF3E8000D39A8F /* XCRemoteSwiftPackageReference "firebase-ios-sdk" */;
			productName = FirebaseCrashlytics;
		};
		71CE59762EEF3E8000D39A8F /* FirebaseDatabase */ = {
			isa = XCSwiftPackageProductDependency;
			package = 71CE595F2EEF3E8000D39A8F /* XCRemoteSwiftPackageReference "firebase-ios-sdk" */;
			productName = FirebaseDatabase;
		};
		71CE59782EEF3E8000D39A8F /* FirebaseFirestore */ = {
			isa = XCSwiftPackageProductDependency;
			package = 71CE595F2EEF3E8000D39A8F /* XCRemoteSwiftPackageReference "firebase-ios-sdk" */;
			productName = FirebaseFirestore;
		};
		71CE597A2EEF3E8000D39A8F /* FirebaseFirestoreCombine-Community */ = {
			isa = XCSwiftPackageProductDependency;
			package = 71CE595F2EEF3E8000D39A8F /* XCRemoteSwiftPackageReference "firebase-ios-sdk" */;
			productName = "FirebaseFirestoreCombine-Community";
		};
		71CE597C2EEF3E8000D39A8F /* FirebaseFunctions */ = {
			isa = XCSwiftPackageProductDependency;
			package = 71CE595F2EEF3E8000D39A8F /* XCRemoteSwiftPackageReference "firebase-ios-sdk" */;
			productName = FirebaseFunctions;
		};
		71CE597E2EEF3E8000D39A8F /* FirebaseFunctionsCombine-Community */ = {
			isa = XCSwiftPackageProductDependency;
			package = 71CE595F2EEF3E8000D39A8F /* XCRemoteSwiftPackageReference "firebase-ios-sdk" */;
			productName = "FirebaseFunctionsCombine-Community";
		};
		71CE59802EEF3E8000D39A8F /* FirebaseInAppMessaging-Beta */ = {
			isa = XCSwiftPackageProductDependency;
			package = 71CE595F2EEF3E8000D39A8F /* XCRemoteSwiftPackageReference "firebase-ios-sdk" */;
			productName = "FirebaseInAppMessaging-Beta";
		};
		71CE59822EEF3E8000D39A8F /* FirebaseInstallations */ = {
			isa = XCSwiftPackageProductDependency;
			package = 71CE595F2EEF3E8000D39A8F /* XCRemoteSwiftPackageReference "firebase-ios-sdk" */;
			productName = FirebaseInstallations;
		};
		71CE59842EEF3E8000D39A8F /* FirebaseMLModelDownloader */ = {
			isa = XCSwiftPackageProductDependency;
			package = 71CE595F2EEF3E8000D39A8F /* XCRemoteSwiftPackageReference "firebase-ios-sdk" */;
			productName = FirebaseMLModelDownloader;
		};
		71CE59862EEF3E8000D39A8F /* FirebaseMessaging */ = {
			isa = XCSwiftPackageProductDependency;
			package = 71CE595F2EEF3E8000D39A8F /* XCRemoteSwiftPackageReference "firebase-ios-sdk" */;
			productName = FirebaseMessaging;
		};
		71CE59882EEF3E8000D39A8F /* FirebasePerformance */ = {
			isa = XCSwiftPackageProductDependency;
			package = 71CE595F2EEF3E8000D39A8F /* XCRemoteSwiftPackageReference "firebase-ios-sdk" */;
			productName = FirebasePerformance;
		};
		71CE598A2EEF3E8000D39A8F /* FirebaseRemoteConfig */ = {
			isa = XCSwiftPackageProductDependency;
			package = 71CE595F2EEF3E8000D39A8F /* XCRemoteSwiftPackageReference "firebase-ios-sdk" */;
			productName = FirebaseRemoteConfig;
		};
		71CE598C2EEF3E8000D39A8F /* FirebaseStorage */ = {
			isa = XCSwiftPackageProductDependency;
			package = 71CE595F2EEF3E8000D39A8F /* XCRemoteSwiftPackageReference "firebase-ios-sdk" */;
			productName = FirebaseStorage;
		};
		71CE598E2EEF3E8000D39A8F /* FirebaseStorageCombine-Community */ = {
			isa = XCSwiftPackageProductDependency;
			package = 71CE595F2EEF3E8000D39A8F /* XCRemoteSwiftPackageReference "firebase-ios-sdk" */;
			productName = "FirebaseStorageCombine-Community";
		};
/* End XCSwiftPackageProductDependency section */
	};
	rootObject = 718E9EFB2EEAE84C007F1515 /* Project object */;
}
